
Microsoft Visual Studio Solution File, Format Version 12.00
# Visual Studio Version 16
VisualStudioVersion = 16.0.29721.120
MinimumVisualStudioVersion = 10.0.40219.1
Project("{FAE04EC0-301F-11D3-BF4B-00C04F79EFBC}") = "Tracing.FrontEnd", "Tracing.FrontEnd\Tracing.FrontEnd.csproj", "{381543B1-855E-40DA-BA7F-9C4AEF7AB388}"
EndProject
Project("{FAE04EC0-301F-11D3-BF4B-00C04F79EFBC}") = "Tracing.Backend", "Tracing.Backend\Tracing.Backend.csproj", "{DA7F672A-FE7E-4992-807C-8C54AC7A9404}"
EndProject
Project("{FAE04EC0-301F-11D3-BF4B-00C04F79EFBC}") = "Tracing.Console", "Tracing.Console\Tracing.Console.csproj", "{2E87970F-E99D-4AAD-AD63-1EAB2BEFA562}"
EndProject
Global
	GlobalSection(SolutionConfigurationPlatforms) = preSolution
		Debug|Any CPU = Debug|Any CPU
		Release|Any CPU = Release|Any CPU
	EndGlobalSection
	GlobalSection(ProjectConfigurationPlatforms) = postSolution
		{381543B1-855E-40DA-BA7F-9C4AEF7AB388}.Debug|Any CPU.ActiveCfg = Debug|Any CPU
		{381543B1-855E-40DA-BA7F-9C4AEF7AB388}.Debug|Any CPU.Build.0 = Debug|Any CPU
		{381543B1-855E-40DA-BA7F-9C4AEF7AB388}.Release|Any CPU.ActiveCfg = Release|Any CPU
		{381543B1-855E-40DA-BA7F-9C4AEF7AB388}.Release|Any CPU.Build.0 = Release|Any CPU
		{DA7F672A-FE7E-4992-807C-8C54AC7A9404}.Debug|Any CPU.ActiveCfg = Debug|Any CPU
		{DA7F672A-FE7E-4992-807C-8C54AC7A9404}.Debug|Any CPU.Build.0 = Debug|Any CPU
		{DA7F672A-FE7E-4992-807C-8C54AC7A9404}.Release|Any CPU.ActiveCfg = Release|Any CPU
		{DA7F672A-FE7E-4992-807C-8C54AC7A9404}.Release|Any CPU.Build.0 = Release|Any CPU
		{2E87970F-E99D-4AAD-AD63-1EAB2BEFA562}.Debug|Any CPU.ActiveCfg = Debug|Any CPU
		{2E87970F-E99D-4AAD-AD63-1EAB2BEFA562}.Debug|Any CPU.Build.0 = Debug|Any CPU
		{2E87970F-E99D-4AAD-AD63-1EAB2BEFA562}.Release|Any CPU.ActiveCfg = Release|Any CPU
		{2E87970F-E99D-4AAD-AD63-1EAB2BEFA562}.Release|Any CPU.Build.0 = Release|Any CPU
	EndGlobalSection
	GlobalSection(SolutionProperties) = preSolution
		HideSolutionNode = FALSE
	EndGlobalSection
	GlobalSection(ExtensibilityGlobals) = postSolution
		SolutionGuid = {F47E2AEC-F5C6-4FA0-99D3-7ED40B81EF3A}
	EndGlobalSection
EndGlobal
